// !$*UTF8*$!
{
	archiveVersion = 1;
	classes = {
	};
	objectVersion = 56;
	objects = {

/* Begin PBXBuildFile section */
		527CF8382A011980004BF337 /* MenuView.swift in Sources */ = {isa = PBXBuildFile; fileRef = 527CF8372A011980004BF337 /* MenuView.swift */; };
		52AA626829EE61B60044722E /* CommentView.swift in Sources */ = {isa = PBXBuildFile; fileRef = 52AA626729EE61B60044722E /* CommentView.swift */; };
		52B21E2329E4D04E002BA7F4 /* SideProjectClubApp.swift in Sources */ = {isa = PBXBuildFile; fileRef = 52B21E2229E4D04E002BA7F4 /* SideProjectClubApp.swift */; };
		52B21E2529E4D04E002BA7F4 /* ContentView.swift in Sources */ = {isa = PBXBuildFile; fileRef = 52B21E2429E4D04E002BA7F4 /* ContentView.swift */; };
		52B21E2729E4D051002BA7F4 /* Assets.xcassets in Resources */ = {isa = PBXBuildFile; fileRef = 52B21E2629E4D051002BA7F4 /* Assets.xcassets */; };
		52B21E2A29E4D051002BA7F4 /* Preview Assets.xcassets in Resources */ = {isa = PBXBuildFile; fileRef = 52B21E2929E4D051002BA7F4 /* Preview Assets.xcassets */; };
		52B21E2F29E4D051002BA7F4 /* SideProjectClub.xcdatamodeld in Sources */ = {isa = PBXBuildFile; fileRef = 52B21E2D29E4D051002BA7F4 /* SideProjectClub.xcdatamodeld */; };
		52B21E3A29E4E6F8002BA7F4 /* ModelJSON.swift in Sources */ = {isa = PBXBuildFile; fileRef = 52B21E3929E4E6F8002BA7F4 /* ModelJSON.swift */; };
		52B21E3C29E4E7F1002BA7F4 /* ItemView.swift in Sources */ = {isa = PBXBuildFile; fileRef = 52B21E3B29E4E7F1002BA7F4 /* ItemView.swift */; };
		52B21E3E29E4E9E3002BA7F4 /* Document.swift in Sources */ = {isa = PBXBuildFile; fileRef = 52B21E3D29E4E9E3002BA7F4 /* Document.swift */; };
		52B21E4029E4EA3D002BA7F4 /* Model.swift in Sources */ = {isa = PBXBuildFile; fileRef = 52B21E3F29E4EA3D002BA7F4 /* Model.swift */; };
		52B21E4229E4EB99002BA7F4 /* FormatString.swift in Sources */ = {isa = PBXBuildFile; fileRef = 52B21E4129E4EB99002BA7F4 /* FormatString.swift */; };
/* End PBXBuildFile section */

/* Begin PBXFileReference section */
		527CF8372A011980004BF337 /* MenuView.swift */ = {isa = PBXFileReference; lastKnownFileType = sourcecode.swift; path = MenuView.swift; sourceTree = "<group>"; };
		52AA626729EE61B60044722E /* CommentView.swift */ = {isa = PBXFileReference; lastKnownFileType = sourcecode.swift; path = CommentView.swift; sourceTree = "<group>"; };
		52B21E1F29E4D04E002BA7F4 /* SideProjectClub.app */ = {isa = PBXFileReference; explicitFileType = wrapper.application; includeInIndex = 0; path = SideProjectClub.app; sourceTree = BUILT_PRODUCTS_DIR; };
		52B21E2229E4D04E002BA7F4 /* SideProjectClubApp.swift */ = {isa = PBXFileReference; lastKnownFileType = sourcecode.swift; path = SideProjectClubApp.swift; sourceTree = "<group>"; };
		52B21E2429E4D04E002BA7F4 /* ContentView.swift */ = {isa = PBXFileReference; lastKnownFileType = sourcecode.swift; path = ContentView.swift; sourceTree = "<group>"; };
		52B21E2629E4D051002BA7F4 /* Assets.xcassets */ = {isa = PBXFileReference; lastKnownFileType = folder.assetcatalog; path = Assets.xcassets; sourceTree = "<group>"; };
		52B21E2929E4D051002BA7F4 /* Preview Assets.xcassets */ = {isa = PBXFileReference; lastKnownFileType = folder.assetcatalog; path = "Preview Assets.xcassets"; sourceTree = "<group>"; };
		52B21E2E29E4D051002BA7F4 /* SideProjectClub.xcdatamodel */ = {isa = PBXFileReference; lastKnownFileType = wrapper.xcdatamodel; path = SideProjectClub.xcdatamodel; sourceTree = "<group>"; };
		52B21E3929E4E6F8002BA7F4 /* ModelJSON.swift */ = {isa = PBXFileReference; lastKnownFileType = sourcecode.swift; path = ModelJSON.swift; sourceTree = "<group>"; };
		52B21E3B29E4E7F1002BA7F4 /* ItemView.swift */ = {isa = PBXFileReference; lastKnownFileType = sourcecode.swift; path = ItemView.swift; sourceTree = "<group>"; };
		52B21E3D29E4E9E3002BA7F4 /* Document.swift */ = {isa = PBXFileReference; lastKnownFileType = sourcecode.swift; path = Document.swift; sourceTree = "<group>"; };
		52B21E3F29E4EA3D002BA7F4 /* Model.swift */ = {isa = PBXFileReference; lastKnownFileType = sourcecode.swift; path = Model.swift; sourceTree = "<group>"; };
		52B21E4129E4EB99002BA7F4 /* FormatString.swift */ = {isa = PBXFileReference; lastKnownFileType = sourcecode.swift; path = FormatString.swift; sourceTree = "<group>"; };
/* End PBXFileReference section */

/* Begin PBXFrameworksBuildPhase section */
		52B21E1C29E4D04E002BA7F4 /* Frameworks */ = {
			isa = PBXFrameworksBuildPhase;
			buildActionMask = 2147483647;
			files = (
			);
			runOnlyForDeploymentPostprocessing = 0;
		};
/* End PBXFrameworksBuildPhase section */

/* Begin PBXGroup section */
		52B21E1629E4D04D002BA7F4 = {
			isa = PBXGroup;
			children = (
				52B21E2129E4D04E002BA7F4 /* SideProjectClub */,
				52B21E2029E4D04E002BA7F4 /* Products */,
			);
			sourceTree = "<group>";
		};
		52B21E2029E4D04E002BA7F4 /* Products */ = {
			isa = PBXGroup;
			children = (
				52B21E1F29E4D04E002BA7F4 /* SideProjectClub.app */,
			);
			name = Products;
			sourceTree = "<group>";
		};
		52B21E2129E4D04E002BA7F4 /* SideProjectClub */ = {
			isa = PBXGroup;
			children = (
				52B21E2229E4D04E002BA7F4 /* SideProjectClubApp.swift */,
				527CF8372A011980004BF337 /* MenuView.swift */,
				52B21E2429E4D04E002BA7F4 /* ContentView.swift */,
				52B21E3B29E4E7F1002BA7F4 /* ItemView.swift */,
				52B21E3D29E4E9E3002BA7F4 /* Document.swift */,
				52B21E3F29E4EA3D002BA7F4 /* Model.swift */,
				52B21E3929E4E6F8002BA7F4 /* ModelJSON.swift */,
				52B21E4129E4EB99002BA7F4 /* FormatString.swift */,
				52AA626729EE61B60044722E /* CommentView.swift */,
				52B21E2629E4D051002BA7F4 /* Assets.xcassets */,
				52B21E2D29E4D051002BA7F4 /* SideProjectClub.xcdatamodeld */,
				52B21E2829E4D051002BA7F4 /* Preview Content */,
			);
			path = SideProjectClub;
			sourceTree = "<group>";
		};
		52B21E2829E4D051002BA7F4 /* Preview Content */ = {
			isa = PBXGroup;
			children = (
				52B21E2929E4D051002BA7F4 /* Preview Assets.xcassets */,
			);
			path = "Preview Content";
			sourceTree = "<group>";
		};
/* End PBXGroup section */

/* Begin PBXNativeTarget section */
		52B21E1E29E4D04E002BA7F4 /* SideProjectClub */ = {
			isa = PBXNativeTarget;
			buildConfigurationList = 52B21E3229E4D051002BA7F4 /* Build configuration list for PBXNativeTarget "SideProjectClub" */;
			buildPhases = (
				52B21E1B29E4D04E002BA7F4 /* Sources */,
				52B21E1C29E4D04E002BA7F4 /* Frameworks */,
				52B21E1D29E4D04E002BA7F4 /* Resources */,
			);
			buildRules = (
			);
			dependencies = (
			);
			name = SideProjectClub;
			productName = SideProjectClub;
			productReference = 52B21E1F29E4D04E002BA7F4 /* SideProjectClub.app */;
			productType = "com.apple.product-type.application";
		};
/* End PBXNativeTarget section */

/* Begin PBXProject section */
		52B21E1729E4D04D002BA7F4 /* Project object */ = {
			isa = PBXProject;
			attributes = {
				BuildIndependentTargetsInParallel = 1;
				LastSwiftUpdateCheck = 1420;
				LastUpgradeCheck = 1420;
				TargetAttributes = {
					52B21E1E29E4D04E002BA7F4 = {
						CreatedOnToolsVersion = 14.2;
					};
				};
			};
			buildConfigurationList = 52B21E1A29E4D04D002BA7F4 /* Build configuration list for PBXProject "SideProjectClub" */;
			compatibilityVersion = "Xcode 14.0";
			developmentRegion = en;
			hasScannedForEncodings = 0;
			knownRegions = (
				en,
				Base,
			);
			mainGroup = 52B21E1629E4D04D002BA7F4;
			productRefGroup = 52B21E2029E4D04E002BA7F4 /* Products */;
			projectDirPath = "";
			projectRoot = "";
			targets = (
				52B21E1E29E4D04E002BA7F4 /* SideProjectClub */,
			);
		};
/* End PBXProject section */

/* Begin PBXResourcesBuildPhase section */
		52B21E1D29E4D04E002BA7F4 /* Resources */ = {
			isa = PBXResourcesBuildPhase;
			buildActionMask = 2147483647;
			files = (
				52B21E2A29E4D051002BA7F4 /* Preview Assets.xcassets in Resources */,
				52B21E2729E4D051002BA7F4 /* Assets.xcassets in Resources */,
			);
			runOnlyForDeploymentPostprocessing = 0;
		};
/* End PBXResourcesBuildPhase section */

/* Begin PBXSourcesBuildPhase section */
		52B21E1B29E4D04E002BA7F4 /* Sources */ = {
			isa = PBXSourcesBuildPhase;
			buildActionMask = 2147483647;
			files = (
				52B21E3A29E4E6F8002BA7F4 /* ModelJSON.swift in Sources */,
				52B21E3C29E4E7F1002BA7F4 /* ItemView.swift in Sources */,
				52B21E2529E4D04E002BA7F4 /* ContentView.swift in Sources */,
				52B21E4029E4EA3D002BA7F4 /* Model.swift in Sources */,
				52B21E4229E4EB99002BA7F4 /* FormatString.swift in Sources */,
				527CF8382A011980004BF337 /* MenuView.swift in Sources */,
				52B21E3E29E4E9E3002BA7F4 /* Document.swift in Sources */,
				52B21E2F29E4D051002BA7F4 /* SideProjectClub.xcdatamodeld in Sources */,
				52AA626829EE61B60044722E /* CommentView.swift in Sources */,
				52B21E2329E4D04E002BA7F4 /* SideProjectClubApp.swift in Sources */,
			);
			runOnlyForDeploymentPostprocessing = 0;
		};
/* End PBXSourcesBuildPhase section */

/* Begin XCBuildConfiguration section */
		52B21E3029E4D051002BA7F4 /* Debug */ = {
			isa = XCBuildConfiguration;
			buildSettings = {
				ALWAYS_SEARCH_USER_PATHS = NO;
				CLANG_ANALYZER_NONNULL = YES;
				CLANG_ANALYZER_NUMBER_OBJECT_CONVERSION = YES_AGGRESSIVE;
				CLANG_CXX_LANGUAGE_STANDARD = "gnu++20";
				CLANG_ENABLE_MODULES = YES;
				CLANG_ENABLE_OBJC_ARC = YES;
				CLANG_ENABLE_OBJC_WEAK = YES;
				CLANG_WARN_BLOCK_CAPTURE_AUTORELEASING = YES;
				CLANG_WARN_BOOL_CONVERSION = YES;
				CLANG_WARN_COMMA = YES;
				CLANG_WARN_CONSTANT_CONVERSION = YES;
				CLANG_WARN_DEPRECATED_OBJC_IMPLEMENTATIONS = YES;
				CLANG_WARN_DIRECT_OBJC_ISA_USAGE = YES_ERROR;
				CLANG_WARN_DOCUMENTATION_COMMENTS = YES;
				CLANG_WARN_EMPTY_BODY = YES;
				CLANG_WARN_ENUM_CONVERSION = YES;
				CLANG_WARN_INFINITE_RECURSION = YES;
				CLANG_WARN_INT_CONVERSION = YES;
				CLANG_WARN_NON_LITERAL_NULL_CONVERSION = YES;
				CLANG_WARN_OBJC_IMPLICIT_RETAIN_SELF = YES;
				CLANG_WARN_OBJC_LITERAL_CONVERSION = YES;
				CLANG_WARN_OBJC_ROOT_CLASS = YES_ERROR;
				CLANG_WARN_QUOTED_INCLUDE_IN_FRAMEWORK_HEADER = YES;
				CLANG_WARN_RANGE_LOOP_ANALYSIS = YES;
				CLANG_WARN_STRICT_PROTOTYPES = YES;
				CLANG_WARN_SUSPICIOUS_MOVE = YES;
				CLANG_WARN_UNGUARDED_AVAILABILITY = YES_AGGRESSIVE;
				CLANG_WARN_UNREACHABLE_CODE = YES;
				CLANG_WARN__DUPLICATE_METHOD_MATCH = YES;
				COPY_PHASE_STRIP = NO;
				DEBUG_INFORMATION_FORMAT = dwarf;
				ENABLE_STRICT_OBJC_MSGSEND = YES;
				ENABLE_TESTABILITY = YES;
				GCC_C_LANGUAGE_STANDARD = gnu11;
				GCC_DYNAMIC_NO_PIC = NO;
				GCC_NO_COMMON_BLOCKS = YES;
				GCC_OPTIMIZATION_LEVEL = 0;
				GCC_PREPROCESSOR_DEFINITIONS = (
					"DEBUG=1",
					"$(inherited)",
				);
				GCC_WARN_64_TO_32_BIT_CONVERSION = YES;
				GCC_WARN_ABOUT_RETURN_TYPE = YES_ERROR;
				GCC_WARN_UNDECLARED_SELECTOR = YES;
				GCC_WARN_UNINITIALIZED_AUTOS = YES_AGGRESSIVE;
				GCC_WARN_UNUSED_FUNCTION = YES;
				GCC_WARN_UNUSED_VARIABLE = YES;
				IPHONEOS_DEPLOYMENT_TARGET = 16.2;
				MTL_ENABLE_DEBUG_INFO = INCLUDE_SOURCE;
				MTL_FAST_MATH = YES;
				ONLY_ACTIVE_ARCH = YES;
				SDKROOT = iphoneos;
				SWIFT_ACTIVE_COMPILATION_CONDITIONS = DEBUG;
				SWIFT_OPTIMIZATION_LEVEL = "-Onone";
			};
			name = Debug;
		};
		52B21E3129E4D051002BA7F4 /* Release */ = {
			isa = XCBuildConfiguration;
			buildSettings = {
				ALWAYS_SEARCH_USER_PATHS = NO;
				CLANG_ANALYZER_NONNULL = YES;
				CLANG_ANALYZER_NUMBER_OBJECT_CONVERSION = YES_AGGRESSIVE;
				CLANG_CXX_LANGUAGE_STANDARD = "gnu++20";
				CLANG_ENABLE_MODULES = YES;
				CLANG_ENABLE_OBJC_ARC = YES;
				CLANG_ENABLE_OBJC_WEAK = YES;
				CLANG_WARN_BLOCK_CAPTURE_AUTORELEASING = YES;
				CLANG_WARN_BOOL_CONVERSION = YES;
				CLANG_WARN_COMMA = YES;
				CLANG_WARN_CONSTANT_CONVERSION = YES;
				CLANG_WARN_DEPRECATED_OBJC_IMPLEMENTATIONS = YES;
				CLANG_WARN_DIRECT_OBJC_ISA_USAGE = YES_ERROR;
				CLANG_WARN_DOCUMENTATION_COMMENTS = YES;
				CLANG_WARN_EMPTY_BODY = YES;
				CLANG_WARN_ENUM_CONVERSION = YES;
				CLANG_WARN_INFINITE_RECURSION = YES;
				CLANG_WARN_INT_CONVERSION = YES;
				CLANG_WARN_NON_LITERAL_NULL_CONVERSION = YES;
				CLANG_WARN_OBJC_IMPLICIT_RETAIN_SELF = YES;
				CLANG_WARN_OBJC_LITERAL_CONVERSION = YES;
				CLANG_WARN_OBJC_ROOT_CLASS = YES_ERROR;
				CLANG_WARN_QUOTED_INCLUDE_IN_FRAMEWORK_HEADER = YES;
				CLANG_WARN_RANGE_LOOP_ANALYSIS = YES;
				CLANG_WARN_STRICT_PROTOTYPES = YES;
				CLANG_WARN_SUSPICIOUS_MOVE = YES;
				CLANG_WARN_UNGUARDED_AVAILABILITY = YES_AGGRESSIVE;
				CLANG_WARN_UNREACHABLE_CODE = YES;
				CLANG_WARN__DUPLICATE_METHOD_MATCH = YES;
				COPY_PHASE_STRIP = NO;
				DEBUG_INFORMATION_FORMAT = "dwarf-with-dsym";
				ENABLE_NS_ASSERTIONS = NO;
				ENABLE_STRICT_OBJC_MSGSEND = YES;
				GCC_C_LANGUAGE_STANDARD = gnu11;
				GCC_NO_COMMON_BLOCKS = YES;
				GCC_WARN_64_TO_32_BIT_CONVERSION = YES;
				GCC_WARN_ABOUT_RETURN_TYPE = YES_ERROR;
				GCC_WARN_UNDECLARED_SELECTOR = YES;
				GCC_WARN_UNINITIALIZED_AUTOS = YES_AGGRESSIVE;
				GCC_WARN_UNUSED_FUNCTION = YES;
				GCC_WARN_UNUSED_VARIABLE = YES;
				IPHONEOS_DEPLOYMENT_TARGET = 16.2;
				MTL_ENABLE_DEBUG_INFO = NO;
				MTL_FAST_MATH = YES;
				SDKROOT = iphoneos;
				SWIFT_COMPILATION_MODE = wholemodule;
				SWIFT_OPTIMIZATION_LEVEL = "-O";
				VALIDATE_PRODUCT = YES;
			};
			name = Release;
		};
		52B21E3329E4D051002BA7F4 /* Debug */ = {
			isa = XCBuildConfiguration;
			buildSettings = {
				ASSETCATALOG_COMPILER_APPICON_NAME = AppIcon;
				ASSETCATALOG_COMPILER_GLOBAL_ACCENT_COLOR_NAME = AccentColor;
				CODE_SIGN_STYLE = Automatic;
				CURRENT_PROJECT_VERSION = 1;
				DEVELOPMENT_ASSET_PATHS = "\"SideProjectClub/Preview Content\"";
				ENABLE_PREVIEWS = YES;
				GENERATE_INFOPLIST_FILE = YES;
				INFOPLIST_KEY_UIApplicationSceneManifest_Generation = YES;
				INFOPLIST_KEY_UIApplicationSupportsIndirectInputEvents = YES;
				INFOPLIST_KEY_UILaunchScreen_Generation = YES;
				INFOPLIST_KEY_UISupportedInterfaceOrientations_iPad = "UIInterfaceOrientationPortrait UIInterfaceOrientationPortraitUpsideDown UIInterfaceOrientationLandscapeLeft UIInterfaceOrientationLandscapeRight";
				INFOPLIST_KEY_UISupportedInterfaceOrientations_iPhone = "UIInterfaceOrientationPortrait UIInterfaceOrientationLandscapeLeft UIInterfaceOrientationLandscapeRight";
				LD_RUNPATH_SEARCH_PATHS = (
					"$(inherited)",
					"@executable_path/Frameworks",
				);
				MARKETING_VERSION = 1.0;
				PRODUCT_BUNDLE_IDENTIFIER = henry.SideProjectClub;
				PRODUCT_NAME = "$(TARGET_NAME)";
				SWIFT_EMIT_LOC_STRINGS = YES;
				SWIFT_VERSION = 5.0;
				TARGETED_DEVICE_FAMILY = "1,2";
			};
			name = Debug;
		};
		52B21E3429E4D051002BA7F4 /* Release */ = {
			isa = XCBuildConfiguration;
			buildSettings = {
				ASSETCATALOG_COMPILER_APPICON_NAME = AppIcon;
				ASSETCATALOG_COMPILER_GLOBAL_ACCENT_COLOR_NAME = AccentColor;
				CODE_SIGN_STYLE = Automatic;
				CURRENT_PROJECT_VERSION = 1;
				DEVELOPMENT_ASSET_PATHS = "\"SideProjectClub/Preview Content\"";
				ENABLE_PREVIEWS = YES;
				GENERATE_INFOPLIST_FILE = YES;
				INFOPLIST_KEY_UIApplicationSceneManifest_Generation = YES;
				INFOPLIST_KEY_UIApplicationSupportsIndirectInputEvents = YES;
				INFOPLIST_KEY_UILaunchScreen_Generation = YES;
				INFOPLIST_KEY_UISupportedInterfaceOrientations_iPad = "UIInterfaceOrientationPortrait UIInterfaceOrientationPortraitUpsideDown UIInterfaceOrientationLandscapeLeft UIInterfaceOrientationLandscapeRight";
				INFOPLIST_KEY_UISupportedInterfaceOrientations_iPhone = "UIInterfaceOrientationPortrait UIInterfaceOrientationLandscapeLeft UIInterfaceOrientationLandscapeRight";
				LD_RUNPATH_SEARCH_PATHS = (
					"$(inherited)",
					"@executable_path/Frameworks",
				);
				MARKETING_VERSION = 1.0;
				PRODUCT_BUNDLE_IDENTIFIER = henry.SideProjectClub;
				PRODUCT_NAME = "$(TARGET_NAME)";
				SWIFT_EMIT_LOC_STRINGS = YES;
				SWIFT_VERSION = 5.0;
				TARGETED_DEVICE_FAMILY = "1,2";
			};
			name = Release;
		};
/* End XCBuildConfiguration section */

/* Begin XCConfigurationList section */
		52B21E1A29E4D04D002BA7F4 /* Build configuration list for PBXProject "SideProjectClub" */ = {
			isa = XCConfigurationList;
			buildConfigurations = (
				52B21E3029E4D051002BA7F4 /* Debug */,
				52B21E3129E4D051002BA7F4 /* Release */,
			);
			defaultConfigurationIsVisible = 0;
			defaultConfigurationName = Release;
		};
		52B21E3229E4D051002BA7F4 /* Build configuration list for PBXNativeTarget "SideProjectClub" */ = {
			isa = XCConfigurationList;
			buildConfigurations = (
				52B21E3329E4D051002BA7F4 /* Debug */,
				52B21E3429E4D051002BA7F4 /* Release */,
			);
			defaultConfigurationIsVisible = 0;
			defaultConfigurationName = Release;
		};
/* End XCConfigurationList section */

/* Begin XCVersionGroup section */
		52B21E2D29E4D051002BA7F4 /* SideProjectClub.xcdatamodeld */ = {
			isa = XCVersionGroup;
			children = (
				52B21E2E29E4D051002BA7F4 /* SideProjectClub.xcdatamodel */,
			);
			currentVersion = 52B21E2E29E4D051002BA7F4 /* SideProjectClub.xcdatamodel */;
			path = SideProjectClub.xcdatamodeld;
			sourceTree = "<group>";
			versionGroupType = wrapper.xcdatamodel;
		};
/* End XCVersionGroup section */
	};
	rootObject = 52B21E1729E4D04D002BA7F4 /* Project object */;
}
