// !$*UTF8*$!
{
	archiveVersion = 1;
	classes = {
	};
	objectVersion = 56;
	objects = {

/* Begin PBXBuildFile section */
		52A4C76829E4FD1E007497DE /* SideProjectClub2App.swift in Sources */ = {isa = PBXBuildFile; fileRef = 52A4C76729E4FD1E007497DE /* SideProjectClub2App.swift */; };
		52A4C76A29E4FD1E007497DE /* ContentView.swift in Sources */ = {isa = PBXBuildFile; fileRef = 52A4C76929E4FD1E007497DE /* ContentView.swift */; };
		52A4C76C29E4FD23007497DE /* Assets.xcassets in Resources */ = {isa = PBXBuildFile; fileRef = 52A4C76B29E4FD23007497DE /* Assets.xcassets */; };
		52A4C76F29E4FD23007497DE /* Preview Assets.xcassets in Resources */ = {isa = PBXBuildFile; fileRef = 52A4C76E29E4FD23007497DE /* Preview Assets.xcassets */; };
		52A4C77129E4FD23007497DE /* Persistence.swift in Sources */ = {isa = PBXBuildFile; fileRef = 52A4C77029E4FD23007497DE /* Persistence.swift */; };
		52A4C77429E4FD23007497DE /* SideProjectClub2.xcdatamodeld in Sources */ = {isa = PBXBuildFile; fileRef = 52A4C77229E4FD23007497DE /* SideProjectClub2.xcdatamodeld */; };
		52A4C77B29E4FD7A007497DE /* CommentView.swift in Sources */ = {isa = PBXBuildFile; fileRef = 52A4C77A29E4FD7A007497DE /* CommentView.swift */; };
		52A4C77D29E50EFC007497DE /* Model.swift in Sources */ = {isa = PBXBuildFile; fileRef = 52A4C77C29E50EFC007497DE /* Model.swift */; };
/* End PBXBuildFile section */

/* Begin PBXFileReference section */
		52A4C76429E4FD1E007497DE /* SideProjectClub2.app */ = {isa = PBXFileReference; explicitFileType = wrapper.application; includeInIndex = 0; path = SideProjectClub2.app; sourceTree = BUILT_PRODUCTS_DIR; };
		52A4C76729E4FD1E007497DE /* SideProjectClub2App.swift */ = {isa = PBXFileReference; lastKnownFileType = sourcecode.swift; path = SideProjectClub2App.swift; sourceTree = "<group>"; };
		52A4C76929E4FD1E007497DE /* ContentView.swift */ = {isa = PBXFileReference; lastKnownFileType = sourcecode.swift; path = ContentView.swift; sourceTree = "<group>"; };
		52A4C76B29E4FD23007497DE /* Assets.xcassets */ = {isa = PBXFileReference; lastKnownFileType = folder.assetcatalog; path = Assets.xcassets; sourceTree = "<group>"; };
		52A4C76E29E4FD23007497DE /* Preview Assets.xcassets */ = {isa = PBXFileReference; lastKnownFileType = folder.assetcatalog; path = "Preview Assets.xcassets"; sourceTree = "<group>"; };
		52A4C77029E4FD23007497DE /* Persistence.swift */ = {isa = PBXFileReference; lastKnownFileType = sourcecode.swift; path = Persistence.swift; sourceTree = "<group>"; };
		52A4C77329E4FD23007497DE /* SideProjectClub2.xcdatamodel */ = {isa = PBXFileReference; lastKnownFileType = wrapper.xcdatamodel; path = SideProjectClub2.xcdatamodel; sourceTree = "<group>"; };
		52A4C77A29E4FD7A007497DE /* CommentView.swift */ = {isa = PBXFileReference; lastKnownFileType = sourcecode.swift; path = CommentView.swift; sourceTree = "<group>"; };
		52A4C77C29E50EFC007497DE /* Model.swift */ = {isa = PBXFileReference; lastKnownFileType = sourcecode.swift; path = Model.swift; sourceTree = "<group>"; };
/* End PBXFileReference section */

/* Begin PBXFrameworksBuildPhase section */
		52A4C76129E4FD1E007497DE /* Frameworks */ = {
			isa = PBXFrameworksBuildPhase;
			buildActionMask = 2147483647;
			files = (
			);
			runOnlyForDeploymentPostprocessing = 0;
		};
/* End PBXFrameworksBuildPhase section */

/* Begin PBXGroup section */
		52A4C75B29E4FD1E007497DE = {
			isa = PBXGroup;
			children = (
				52A4C76629E4FD1E007497DE /* SideProjectClub2 */,
				52A4C76529E4FD1E007497DE /* Products */,
			);
			sourceTree = "<group>";
		};
		52A4C76529E4FD1E007497DE /* Products */ = {
			isa = PBXGroup;
			children = (
				52A4C76429E4FD1E007497DE /* SideProjectClub2.app */,
			);
			name = Products;
			sourceTree = "<group>";
		};
		52A4C76629E4FD1E007497DE /* SideProjectClub2 */ = {
			isa = PBXGroup;
			children = (
				52A4C76729E4FD1E007497DE /* SideProjectClub2App.swift */,
				52A4C77A29E4FD7A007497DE /* CommentView.swift */,
				52A4C76929E4FD1E007497DE /* ContentView.swift */,
				52A4C77C29E50EFC007497DE /* Model.swift */,
				52A4C76B29E4FD23007497DE /* Assets.xcassets */,
				52A4C77029E4FD23007497DE /* Persistence.swift */,
				52A4C77229E4FD23007497DE /* SideProjectClub2.xcdatamodeld */,
				52A4C76D29E4FD23007497DE /* Preview Content */,
			);
			path = SideProjectClub2;
			sourceTree = "<group>";
		};
		52A4C76D29E4FD23007497DE /* Preview Content */ = {
			isa = PBXGroup;
			children = (
				52A4C76E29E4FD23007497DE /* Preview Assets.xcassets */,
			);
			path = "Preview Content";
			sourceTree = "<group>";
		};
/* End PBXGroup section */

/* Begin PBXNativeTarget section */
		52A4C76329E4FD1E007497DE /* SideProjectClub2 */ = {
			isa = PBXNativeTarget;
			buildConfigurationList = 52A4C77729E4FD23007497DE /* Build configuration list for PBXNativeTarget "SideProjectClub2" */;
			buildPhases = (
				52A4C76029E4FD1E007497DE /* Sources */,
				52A4C76129E4FD1E007497DE /* Frameworks */,
				52A4C76229E4FD1E007497DE /* Resources */,
			);
			buildRules = (
			);
			dependencies = (
			);
			name = SideProjectClub2;
			productName = SideProjectClub2;
			productReference = 52A4C76429E4FD1E007497DE /* SideProjectClub2.app */;
			productType = "com.apple.product-type.application";
		};
/* End PBXNativeTarget section */

/* Begin PBXProject section */
		52A4C75C29E4FD1E007497DE /* Project object */ = {
			isa = PBXProject;
			attributes = {
				BuildIndependentTargetsInParallel = 1;
				LastSwiftUpdateCheck = 1420;
				LastUpgradeCheck = 1420;
				TargetAttributes = {
					52A4C76329E4FD1E007497DE = {
						CreatedOnToolsVersion = 14.2;
					};
				};
			};
			buildConfigurationList = 52A4C75F29E4FD1E007497DE /* Build configuration list for PBXProject "SideProjectClub2" */;
			compatibilityVersion = "Xcode 14.0";
			developmentRegion = en;
			hasScannedForEncodings = 0;
			knownRegions = (
				en,
				Base,
			);
			mainGroup = 52A4C75B29E4FD1E007497DE;
			productRefGroup = 52A4C76529E4FD1E007497DE /* Products */;
			projectDirPath = "";
			projectRoot = "";
			targets = (
				52A4C76329E4FD1E007497DE /* SideProjectClub2 */,
			);
		};
/* End PBXProject section */

/* Begin PBXResourcesBuildPhase section */
		52A4C76229E4FD1E007497DE /* Resources */ = {
			isa = PBXResourcesBuildPhase;
			buildActionMask = 2147483647;
			files = (
				52A4C76F29E4FD23007497DE /* Preview Assets.xcassets in Resources */,
				52A4C76C29E4FD23007497DE /* Assets.xcassets in Resources */,
			);
			runOnlyForDeploymentPostprocessing = 0;
		};
/* End PBXResourcesBuildPhase section */

/* Begin PBXSourcesBuildPhase section */
		52A4C76029E4FD1E007497DE /* Sources */ = {
			isa = PBXSourcesBuildPhase;
			buildActionMask = 2147483647;
			files = (
				52A4C77129E4FD23007497DE /* Persistence.swift in Sources */,
				52A4C77429E4FD23007497DE /* SideProjectClub2.xcdatamodeld in Sources */,
				52A4C76A29E4FD1E007497DE /* ContentView.swift in Sources */,
				52A4C77D29E50EFC007497DE /* Model.swift in Sources */,
				52A4C77B29E4FD7A007497DE /* CommentView.swift in Sources */,
				52A4C76829E4FD1E007497DE /* SideProjectClub2App.swift in Sources */,
			);
			runOnlyForDeploymentPostprocessing = 0;
		};
/* End PBXSourcesBuildPhase section */

/* Begin XCBuildConfiguration section */
		52A4C77529E4FD23007497DE /* Debug */ = {
			isa = XCBuildConfiguration;
			buildSettings = {
				ALWAYS_SEARCH_USER_PATHS = NO;
				CLANG_ANALYZER_NONNULL = YES;
				CLANG_ANALYZER_NUMBER_OBJECT_CONVERSION = YES_AGGRESSIVE;
				CLANG_CXX_LANGUAGE_STANDARD = "gnu++20";
				CLANG_ENABLE_MODULES = YES;
				CLANG_ENABLE_OBJC_ARC = YES;
				CLANG_ENABLE_OBJC_WEAK = YES;
				CLANG_WARN_BLOCK_CAPTURE_AUTORELEASING = YES;
				CLANG_WARN_BOOL_CONVERSION = YES;
				CLANG_WARN_COMMA = YES;
				CLANG_WARN_CONSTANT_CONVERSION = YES;
				CLANG_WARN_DEPRECATED_OBJC_IMPLEMENTATIONS = YES;
				CLANG_WARN_DIRECT_OBJC_ISA_USAGE = YES_ERROR;
				CLANG_WARN_DOCUMENTATION_COMMENTS = YES;
				CLANG_WARN_EMPTY_BODY = YES;
				CLANG_WARN_ENUM_CONVERSION = YES;
				CLANG_WARN_INFINITE_RECURSION = YES;
				CLANG_WARN_INT_CONVERSION = YES;
				CLANG_WARN_NON_LITERAL_NULL_CONVERSION = YES;
				CLANG_WARN_OBJC_IMPLICIT_RETAIN_SELF = YES;
				CLANG_WARN_OBJC_LITERAL_CONVERSION = YES;
				CLANG_WARN_OBJC_ROOT_CLASS = YES_ERROR;
				CLANG_WARN_QUOTED_INCLUDE_IN_FRAMEWORK_HEADER = YES;
				CLANG_WARN_RANGE_LOOP_ANALYSIS = YES;
				CLANG_WARN_STRICT_PROTOTYPES = YES;
				CLANG_WARN_SUSPICIOUS_MOVE = YES;
				CLANG_WARN_UNGUARDED_AVAILABILITY = YES_AGGRESSIVE;
				CLANG_WARN_UNREACHABLE_CODE = YES;
				CLANG_WARN__DUPLICATE_METHOD_MATCH = YES;
				COPY_PHASE_STRIP = NO;
				DEBUG_INFORMATION_FORMAT = dwarf;
				ENABLE_STRICT_OBJC_MSGSEND = YES;
				ENABLE_TESTABILITY = YES;
				GCC_C_LANGUAGE_STANDARD = gnu11;
				GCC_DYNAMIC_NO_PIC = NO;
				GCC_NO_COMMON_BLOCKS = YES;
				GCC_OPTIMIZATION_LEVEL = 0;
				GCC_PREPROCESSOR_DEFINITIONS = (
					"DEBUG=1",
					"$(inherited)",
				);
				GCC_WARN_64_TO_32_BIT_CONVERSION = YES;
				GCC_WARN_ABOUT_RETURN_TYPE = YES_ERROR;
				GCC_WARN_UNDECLARED_SELECTOR = YES;
				GCC_WARN_UNINITIALIZED_AUTOS = YES_AGGRESSIVE;
				GCC_WARN_UNUSED_FUNCTION = YES;
				GCC_WARN_UNUSED_VARIABLE = YES;
				IPHONEOS_DEPLOYMENT_TARGET = 16.2;
				MTL_ENABLE_DEBUG_INFO = INCLUDE_SOURCE;
				MTL_FAST_MATH = YES;
				ONLY_ACTIVE_ARCH = YES;
				SDKROOT = iphoneos;
				SWIFT_ACTIVE_COMPILATION_CONDITIONS = DEBUG;
				SWIFT_OPTIMIZATION_LEVEL = "-Onone";
			};
			name = Debug;
		};
		52A4C77629E4FD23007497DE /* Release */ = {
			isa = XCBuildConfiguration;
			buildSettings = {
				ALWAYS_SEARCH_USER_PATHS = NO;
				CLANG_ANALYZER_NONNULL = YES;
				CLANG_ANALYZER_NUMBER_OBJECT_CONVERSION = YES_AGGRESSIVE;
				CLANG_CXX_LANGUAGE_STANDARD = "gnu++20";
				CLANG_ENABLE_MODULES = YES;
				CLANG_ENABLE_OBJC_ARC = YES;
				CLANG_ENABLE_OBJC_WEAK = YES;
				CLANG_WARN_BLOCK_CAPTURE_AUTORELEASING = YES;
				CLANG_WARN_BOOL_CONVERSION = YES;
				CLANG_WARN_COMMA = YES;
				CLANG_WARN_CONSTANT_CONVERSION = YES;
				CLANG_WARN_DEPRECATED_OBJC_IMPLEMENTATIONS = YES;
				CLANG_WARN_DIRECT_OBJC_ISA_USAGE = YES_ERROR;
				CLANG_WARN_DOCUMENTATION_COMMENTS = YES;
				CLANG_WARN_EMPTY_BODY = YES;
				CLANG_WARN_ENUM_CONVERSION = YES;
				CLANG_WARN_INFINITE_RECURSION = YES;
				CLANG_WARN_INT_CONVERSION = YES;
				CLANG_WARN_NON_LITERAL_NULL_CONVERSION = YES;
				CLANG_WARN_OBJC_IMPLICIT_RETAIN_SELF = YES;
				CLANG_WARN_OBJC_LITERAL_CONVERSION = YES;
				CLANG_WARN_OBJC_ROOT_CLASS = YES_ERROR;
				CLANG_WARN_QUOTED_INCLUDE_IN_FRAMEWORK_HEADER = YES;
				CLANG_WARN_RANGE_LOOP_ANALYSIS = YES;
				CLANG_WARN_STRICT_PROTOTYPES = YES;
				CLANG_WARN_SUSPICIOUS_MOVE = YES;
				CLANG_WARN_UNGUARDED_AVAILABILITY = YES_AGGRESSIVE;
				CLANG_WARN_UNREACHABLE_CODE = YES;
				CLANG_WARN__DUPLICATE_METHOD_MATCH = YES;
				COPY_PHASE_STRIP = NO;
				DEBUG_INFORMATION_FORMAT = "dwarf-with-dsym";
				ENABLE_NS_ASSERTIONS = NO;
				ENABLE_STRICT_OBJC_MSGSEND = YES;
				GCC_C_LANGUAGE_STANDARD = gnu11;
				GCC_NO_COMMON_BLOCKS = YES;
				GCC_WARN_64_TO_32_BIT_CONVERSION = YES;
				GCC_WARN_ABOUT_RETURN_TYPE = YES_ERROR;
				GCC_WARN_UNDECLARED_SELECTOR = YES;
				GCC_WARN_UNINITIALIZED_AUTOS = YES_AGGRESSIVE;
				GCC_WARN_UNUSED_FUNCTION = YES;
				GCC_WARN_UNUSED_VARIABLE = YES;
				IPHONEOS_DEPLOYMENT_TARGET = 16.2;
				MTL_ENABLE_DEBUG_INFO = NO;
				MTL_FAST_MATH = YES;
				SDKROOT = iphoneos;
				SWIFT_COMPILATION_MODE = wholemodule;
				SWIFT_OPTIMIZATION_LEVEL = "-O";
				VALIDATE_PRODUCT = YES;
			};
			name = Release;
		};
		52A4C77829E4FD23007497DE /* Debug */ = {
			isa = XCBuildConfiguration;
			buildSettings = {
				ASSETCATALOG_COMPILER_APPICON_NAME = AppIcon;
				ASSETCATALOG_COMPILER_GLOBAL_ACCENT_COLOR_NAME = AccentColor;
				CODE_SIGN_STYLE = Automatic;
				CURRENT_PROJECT_VERSION = 1;
				DEVELOPMENT_ASSET_PATHS = "\"SideProjectClub2/Preview Content\"";
				DEVELOPMENT_TEAM = G8S924AB8V;
				ENABLE_PREVIEWS = YES;
				GENERATE_INFOPLIST_FILE = YES;
				INFOPLIST_KEY_UIApplicationSceneManifest_Generation = YES;
				INFOPLIST_KEY_UIApplicationSupportsIndirectInputEvents = YES;
				INFOPLIST_KEY_UILaunchScreen_Generation = YES;
				INFOPLIST_KEY_UISupportedInterfaceOrientations_iPad = "UIInterfaceOrientationPortrait UIInterfaceOrientationPortraitUpsideDown UIInterfaceOrientationLandscapeLeft UIInterfaceOrientationLandscapeRight";
				INFOPLIST_KEY_UISupportedInterfaceOrientations_iPhone = "UIInterfaceOrientationPortrait UIInterfaceOrientationLandscapeLeft UIInterfaceOrientationLandscapeRight";
				LD_RUNPATH_SEARCH_PATHS = (
					"$(inherited)",
					"@executable_path/Frameworks",
				);
				MARKETING_VERSION = 1.0;
				PRODUCT_BUNDLE_IDENTIFIER = henry.SideProjectClub2;
				PRODUCT_NAME = "$(TARGET_NAME)";
				SWIFT_EMIT_LOC_STRINGS = YES;
				SWIFT_VERSION = 5.0;
				TARGETED_DEVICE_FAMILY = "1,2";
			};
			name = Debug;
		};
		52A4C77929E4FD23007497DE /* Release */ = {
			isa = XCBuildConfiguration;
			buildSettings = {
				ASSETCATALOG_COMPILER_APPICON_NAME = AppIcon;
				ASSETCATALOG_COMPILER_GLOBAL_ACCENT_COLOR_NAME = AccentColor;
				CODE_SIGN_STYLE = Automatic;
				CURRENT_PROJECT_VERSION = 1;
				DEVELOPMENT_ASSET_PATHS = "\"SideProjectClub2/Preview Content\"";
				DEVELOPMENT_TEAM = G8S924AB8V;
				ENABLE_PREVIEWS = YES;
				GENERATE_INFOPLIST_FILE = YES;
				INFOPLIST_KEY_UIApplicationSceneManifest_Generation = YES;
				INFOPLIST_KEY_UIApplicationSupportsIndirectInputEvents = YES;
				INFOPLIST_KEY_UILaunchScreen_Generation = YES;
				INFOPLIST_KEY_UISupportedInterfaceOrientations_iPad = "UIInterfaceOrientationPortrait UIInterfaceOrientationPortraitUpsideDown UIInterfaceOrientationLandscapeLeft UIInterfaceOrientationLandscapeRight";
				INFOPLIST_KEY_UISupportedInterfaceOrientations_iPhone = "UIInterfaceOrientationPortrait UIInterfaceOrientationLandscapeLeft UIInterfaceOrientationLandscapeRight";
				LD_RUNPATH_SEARCH_PATHS = (
					"$(inherited)",
					"@executable_path/Frameworks",
				);
				MARKETING_VERSION = 1.0;
				PRODUCT_BUNDLE_IDENTIFIER = henry.SideProjectClub2;
				PRODUCT_NAME = "$(TARGET_NAME)";
				SWIFT_EMIT_LOC_STRINGS = YES;
				SWIFT_VERSION = 5.0;
				TARGETED_DEVICE_FAMILY = "1,2";
			};
			name = Release;
		};
/* End XCBuildConfiguration section */

/* Begin XCConfigurationList section */
		52A4C75F29E4FD1E007497DE /* Build configuration list for PBXProject "SideProjectClub2" */ = {
			isa = XCConfigurationList;
			buildConfigurations = (
				52A4C77529E4FD23007497DE /* Debug */,
				52A4C77629E4FD23007497DE /* Release */,
			);
			defaultConfigurationIsVisible = 0;
			defaultConfigurationName = Release;
		};
		52A4C77729E4FD23007497DE /* Build configuration list for PBXNativeTarget "SideProjectClub2" */ = {
			isa = XCConfigurationList;
			buildConfigurations = (
				52A4C77829E4FD23007497DE /* Debug */,
				52A4C77929E4FD23007497DE /* Release */,
			);
			defaultConfigurationIsVisible = 0;
			defaultConfigurationName = Release;
		};
/* End XCConfigurationList section */

/* Begin XCVersionGroup section */
		52A4C77229E4FD23007497DE /* SideProjectClub2.xcdatamodeld */ = {
			isa = XCVersionGroup;
			children = (
				52A4C77329E4FD23007497DE /* SideProjectClub2.xcdatamodel */,
			);
			currentVersion = 52A4C77329E4FD23007497DE /* SideProjectClub2.xcdatamodel */;
			path = SideProjectClub2.xcdatamodeld;
			sourceTree = "<group>";
			versionGroupType = wrapper.xcdatamodel;
		};
/* End XCVersionGroup section */
	};
	rootObject = 52A4C75C29E4FD1E007497DE /* Project object */;
}
